<Solution>
  <Project Path="Анализ трехзначных чисел/Анализ трехзначных чисел.csproj" />
  <Project Path="Делители на отрезке/Делители на отрезке.csproj" />
  <Project Path="Интересные числа/Интересные числа.csproj" />
  <Project Path="Количество семёрок/Количество семёрок.csproj" />
  <Project Path="Максимальная сумма цифр/Максимальная сумма цифр.csproj" />
  <Project Path="Совершенное число/Совершенное число.csproj" />
</Solution>
