<Solution>
  <Project Path="Вызов функции/Вызов функции.csproj" Id="077251c9-3801-4ade-8bfc-da81c5342f30" />
  <Project Path="Запись данных в файл/Запись данных в файл.csproj" Id="aec02ad6-5104-4ff1-81ac-2b4dba044753" />
  <Project Path="Исправь код/Очередь к врачу.csproj" Id="8a0a71eb-10dd-4512-a045-d888b7563170" />
  <Project Path="Истина Иешуа/Истина Иешуа.csproj" />
  <Project Path="Количество букв 'b'/Количество букв 'b'.csproj" Id="d2158c1d-e8e2-4403-8a70-d9c4041f5bd1" />
  <Project Path="Логирование данных/Логирование данных.csproj" Id="5d940173-84c5-47a8-9f6f-8576c63688bc" />
  <Project Path="Муки выбора/Муки выбора.csproj" Id="4732caa2-d547-49a2-872d-ce0d49a603cd" />
  <Project Path="Произведение количества разрядов двух чисел/Произведение количества разрядов двух чисел.csproj" Id="20987997-1f5c-4f50-b81e-74cec3576a1a" />
  <Project Path="Размер одежды/Размер одежды.csproj" Id="bfa08d70-f748-4029-91e0-288673cb63ca" />
  <Project Path="Сумма средних арифметических двух последовательностей/Сумма средних арифметических двух последовательностей.csproj" Id="a06815f1-e520-4ec4-8850-4bc5eec4af95" />
  <Project Path="Сумма чисел на отрезках/Сумма чисел на отрезках.csproj" Id="5444e293-3b86-4202-9634-50c4d9c5730a" />
  <Project Path="Счастливые билеты/Счастливые билеты.csproj" Id="50548afe-3c2e-4b58-a7b4-e27cb118c5e3" />
  <Project Path="Эхо/Эхо.csproj" Id="09547320-4842-43bd-9308-986ee55dce6d" />
</Solution>
